
Microsoft Visual Studio Solution File, Format Version 12.00
Project("{FAE04EC0-301F-11D3-BF4B-00C04F79EFBC}") = "SuperMemoAssistant.Interop", "SuperMemoAssistant.Interop\SuperMemoAssistant.Interop.csproj", "{FF66BCE4-8A2B-43F2-8BF7-288FFDBF1D7F}"
EndProject
Project("{FAE04EC0-301F-11D3-BF4B-00C04F79EFBC}") = "SuperMemoAssistant.Services.HTML", "SuperMemoAssistant.Services.HTML\SuperMemoAssistant.Services.HTML.csproj", "{7EDA7EE2-B80E-49A8-B5B9-C9E9E63BDBC1}"
EndProject
Project("{FAE04EC0-301F-11D3-BF4B-00C04F79EFBC}") = "PluginManager.Core", "PluginManager.NET\PluginManager.Core\PluginManager.Core.csproj", "{E6592819-75EF-448E-8BCF-41E26E32B22A}"
EndProject
Project("{FAE04EC0-301F-11D3-BF4B-00C04F79EFBC}") = "PluginManager.Interop", "PluginManager.NET\PluginManager.Interop\PluginManager.Interop.csproj", "{ECF91624-D0AB-4084-AB32-EDFCE868B11F}"
EndProject
Project("{FAE04EC0-301F-11D3-BF4B-00C04F79EFBC}") = "PluginManager.PluginHost", "PluginManager.NET\PluginManager.PluginHost\PluginManager.PluginHost.csproj", "{1A426298-330C-492B-904F-61144E116AD4}"
EndProject
Global
	GlobalSection(SolutionConfigurationPlatforms) = preSolution
		Debug|Any CPU = Debug|Any CPU
		Debug|x86 = Debug|x86
		Release|Any CPU = Release|Any CPU
	EndGlobalSection
	GlobalSection(ProjectConfigurationPlatforms) = postSolution
		{FF66BCE4-8A2B-43F2-8BF7-288FFDBF1D7F}.Debug|Any CPU.ActiveCfg = Debug|x86
		{FF66BCE4-8A2B-43F2-8BF7-288FFDBF1D7F}.Debug|Any CPU.Build.0 = Debug|x86
		{FF66BCE4-8A2B-43F2-8BF7-288FFDBF1D7F}.Debug|x86.ActiveCfg = Debug|x86
		{FF66BCE4-8A2B-43F2-8BF7-288FFDBF1D7F}.Debug|x86.Build.0 = Debug|x86
		{7EDA7EE2-B80E-49A8-B5B9-C9E9E63BDBC1}.Debug|x86.ActiveCfg = Debug|x86
		{7EDA7EE2-B80E-49A8-B5B9-C9E9E63BDBC1}.Debug|x86.Build.0 = Debug|x86
		{E6592819-75EF-448E-8BCF-41E26E32B22A}.Debug|Any CPU.ActiveCfg = Debug|Any CPU
		{E6592819-75EF-448E-8BCF-41E26E32B22A}.Debug|Any CPU.Build.0 = Debug|Any CPU
		{E6592819-75EF-448E-8BCF-41E26E32B22A}.Debug|x86.ActiveCfg = Debug|Any CPU
		{E6592819-75EF-448E-8BCF-41E26E32B22A}.Debug|x86.Build.0 = Debug|Any CPU
		{E6592819-75EF-448E-8BCF-41E26E32B22A}.Release|Any CPU.ActiveCfg = Release|Any CPU
		{E6592819-75EF-448E-8BCF-41E26E32B22A}.Release|Any CPU.Build.0 = Release|Any CPU
		{ECF91624-D0AB-4084-AB32-EDFCE868B11F}.Debug|Any CPU.ActiveCfg = Debug|Any CPU
		{ECF91624-D0AB-4084-AB32-EDFCE868B11F}.Debug|Any CPU.Build.0 = Debug|Any CPU
		{ECF91624-D0AB-4084-AB32-EDFCE868B11F}.Debug|x86.ActiveCfg = Debug|Any CPU
		{ECF91624-D0AB-4084-AB32-EDFCE868B11F}.Debug|x86.Build.0 = Debug|Any CPU
		{ECF91624-D0AB-4084-AB32-EDFCE868B11F}.Release|Any CPU.ActiveCfg = Release|Any CPU
		{ECF91624-D0AB-4084-AB32-EDFCE868B11F}.Release|Any CPU.Build.0 = Release|Any CPU
		{1A426298-330C-492B-904F-61144E116AD4}.Debug|Any CPU.ActiveCfg = Debug|Any CPU
		{1A426298-330C-492B-904F-61144E116AD4}.Debug|Any CPU.Build.0 = Debug|Any CPU
		{1A426298-330C-492B-904F-61144E116AD4}.Debug|x86.ActiveCfg = Debug|Any CPU
		{1A426298-330C-492B-904F-61144E116AD4}.Debug|x86.Build.0 = Debug|Any CPU
		{1A426298-330C-492B-904F-61144E116AD4}.Release|Any CPU.ActiveCfg = Release|Any CPU
		{1A426298-330C-492B-904F-61144E116AD4}.Release|Any CPU.Build.0 = Release|Any CPU
	EndGlobalSection
EndGlobal
